
Microsoft Visual Studio Solution File, Format Version 12.00
# Visual Studio Version 16
VisualStudioVersion = 16.0.28803.156
MinimumVisualStudioVersion = 10.0.40219.1
Project("{FAE04EC0-301F-11D3-BF4B-00C04F79EFBC}") = "QuickStudyGuider", "QuickStudyGuider\QuickStudyGuider.csproj", "{D5B8A40C-A01F-4053-B8B2-CB0214F70038}"
EndProject
Global
	GlobalSection(SolutionConfigurationPlatforms) = preSolution
		Debug|Any CPU = Debug|Any CPU
		Release|Any CPU = Release|Any CPU
	EndGlobalSection
	GlobalSection(ProjectConfigurationPlatforms) = postSolution
		{D5B8A40C-A01F-4053-B8B2-CB0214F70038}.Debug|Any CPU.ActiveCfg = Debug|Any CPU
		{D5B8A40C-A01F-4053-B8B2-CB0214F70038}.Debug|Any CPU.Build.0 = Debug|Any CPU
		{D5B8A40C-A01F-4053-B8B2-CB0214F70038}.Release|Any CPU.ActiveCfg = Release|Any CPU
		{D5B8A40C-A01F-4053-B8B2-CB0214F70038}.Release|Any CPU.Build.0 = Release|Any CPU
	EndGlobalSection
	GlobalSection(SolutionProperties) = preSolution
		HideSolutionNode = FALSE
	EndGlobalSection
	GlobalSection(ExtensibilityGlobals) = postSolution
		SolutionGuid = {D4245731-0F7A-46D7-9D93-E742590C0784}
	EndGlobalSection
EndGlobal
